
Microsoft Visual Studio Solution File, Format Version 12.00
# Visual Studio 2012
Project("{F088123C-0E9E-452A-89E6-6BA2F21D5CAC}") = "Modeling", "Modeling\Modeling.modelproj", "{5C8AAC1C-AF9C-4483-87C3-8820EB03168F}"
EndProject
Project("{FAE04EC0-301F-11D3-BF4B-00C04F79EFBC}") = "PopNTouch2", "PopNTouch2\PopNTouch2.csproj", "{3046FB26-B719-4ED9-84F0-3AF59FA426DD}"
EndProject
Project("{FAE04EC0-301F-11D3-BF4B-00C04F79EFBC}") = "UnitTesting", "UnitTesting\UnitTesting.csproj", "{32E2A422-61AC-441F-B0C0-6CE745CB1740}"
EndProject
Global
	GlobalSection(SolutionConfigurationPlatforms) = preSolution
		Debug|Any CPU = Debug|Any CPU
		Debug|Mixed Platforms = Debug|Mixed Platforms
		Debug|x64 = Debug|x64
		Debug|x86 = Debug|x86
		Release|Any CPU = Release|Any CPU
		Release|Mixed Platforms = Release|Mixed Platforms
		Release|x64 = Release|x64
		Release|x86 = Release|x86
	EndGlobalSection
	GlobalSection(ProjectConfigurationPlatforms) = postSolution
		{5C8AAC1C-AF9C-4483-87C3-8820EB03168F}.Debug|Any CPU.ActiveCfg = Debug|Any CPU
		{5C8AAC1C-AF9C-4483-87C3-8820EB03168F}.Debug|Any CPU.Build.0 = Debug|Any CPU
		{5C8AAC1C-AF9C-4483-87C3-8820EB03168F}.Debug|Mixed Platforms.ActiveCfg = Debug|Any CPU
		{5C8AAC1C-AF9C-4483-87C3-8820EB03168F}.Debug|Mixed Platforms.Build.0 = Debug|Any CPU
		{5C8AAC1C-AF9C-4483-87C3-8820EB03168F}.Debug|x64.ActiveCfg = Debug|Any CPU
		{5C8AAC1C-AF9C-4483-87C3-8820EB03168F}.Debug|x86.ActiveCfg = Debug|Any CPU
		{5C8AAC1C-AF9C-4483-87C3-8820EB03168F}.Release|Any CPU.ActiveCfg = Release|Any CPU
		{5C8AAC1C-AF9C-4483-87C3-8820EB03168F}.Release|Any CPU.Build.0 = Release|Any CPU
		{5C8AAC1C-AF9C-4483-87C3-8820EB03168F}.Release|Mixed Platforms.ActiveCfg = Release|Any CPU
		{5C8AAC1C-AF9C-4483-87C3-8820EB03168F}.Release|Mixed Platforms.Build.0 = Release|Any CPU
		{5C8AAC1C-AF9C-4483-87C3-8820EB03168F}.Release|x64.ActiveCfg = Release|Any CPU
		{5C8AAC1C-AF9C-4483-87C3-8820EB03168F}.Release|x86.ActiveCfg = Release|Any CPU
		{3046FB26-B719-4ED9-84F0-3AF59FA426DD}.Debug|Any CPU.ActiveCfg = Debug|Any CPU
		{3046FB26-B719-4ED9-84F0-3AF59FA426DD}.Debug|Any CPU.Build.0 = Debug|Any CPU
		{3046FB26-B719-4ED9-84F0-3AF59FA426DD}.Debug|Mixed Platforms.ActiveCfg = Debug|Any CPU
		{3046FB26-B719-4ED9-84F0-3AF59FA426DD}.Debug|Mixed Platforms.Build.0 = Debug|Any CPU
		{3046FB26-B719-4ED9-84F0-3AF59FA426DD}.Debug|x64.ActiveCfg = Debug|Any CPU
		{3046FB26-B719-4ED9-84F0-3AF59FA426DD}.Debug|x86.ActiveCfg = Debug|Any CPU
		{3046FB26-B719-4ED9-84F0-3AF59FA426DD}.Release|Any CPU.ActiveCfg = Release|Any CPU
		{3046FB26-B719-4ED9-84F0-3AF59FA426DD}.Release|Any CPU.Build.0 = Release|Any CPU
		{3046FB26-B719-4ED9-84F0-3AF59FA426DD}.Release|Mixed Platforms.ActiveCfg = Release|Any CPU
		{3046FB26-B719-4ED9-84F0-3AF59FA426DD}.Release|Mixed Platforms.Build.0 = Release|Any CPU
		{3046FB26-B719-4ED9-84F0-3AF59FA426DD}.Release|x64.ActiveCfg = Release|Any CPU
		{3046FB26-B719-4ED9-84F0-3AF59FA426DD}.Release|x86.ActiveCfg = Release|Any CPU
		{32E2A422-61AC-441F-B0C0-6CE745CB1740}.Debug|Any CPU.ActiveCfg = Debug|Any CPU
		{32E2A422-61AC-441F-B0C0-6CE745CB1740}.Debug|Any CPU.Build.0 = Debug|Any CPU
		{32E2A422-61AC-441F-B0C0-6CE745CB1740}.Debug|Mixed Platforms.ActiveCfg = Debug|Any CPU
		{32E2A422-61AC-441F-B0C0-6CE745CB1740}.Debug|Mixed Platforms.Build.0 = Debug|Any CPU
		{32E2A422-61AC-441F-B0C0-6CE745CB1740}.Debug|x64.ActiveCfg = Debug|Any CPU
		{32E2A422-61AC-441F-B0C0-6CE745CB1740}.Debug|x86.ActiveCfg = Debug|Any CPU
		{32E2A422-61AC-441F-B0C0-6CE745CB1740}.Release|Any CPU.ActiveCfg = Release|Any CPU
		{32E2A422-61AC-441F-B0C0-6CE745CB1740}.Release|Any CPU.Build.0 = Release|Any CPU
		{32E2A422-61AC-441F-B0C0-6CE745CB1740}.Release|Mixed Platforms.ActiveCfg = Release|Any CPU
		{32E2A422-61AC-441F-B0C0-6CE745CB1740}.Release|Mixed Platforms.Build.0 = Release|Any CPU
		{32E2A422-61AC-441F-B0C0-6CE745CB1740}.Release|x64.ActiveCfg = Release|Any CPU
		{32E2A422-61AC-441F-B0C0-6CE745CB1740}.Release|x86.ActiveCfg = Release|Any CPU
	EndGlobalSection
	GlobalSection(SolutionProperties) = preSolution
		HideSolutionNode = FALSE
	EndGlobalSection
EndGlobal
